// !$*UTF8*$!
{
	archiveVersion = 1;
	classes = {
	};
	objectVersion = 56;
	objects = {

/* Begin PBXBuildFile section */
		2F045FEC2AD9A96000C8E9C2 /* Gap_InternationalApp.swift in Sources */ = {isa = PBXBuildFile; fileRef = 2F045FEB2AD9A96000C8E9C2 /* Gap_InternationalApp.swift */; };
		2F045FEE2AD9A96000C8E9C2 /* ContentView.swift in Sources */ = {isa = PBXBuildFile; fileRef = 2F045FED2AD9A96000C8E9C2 /* ContentView.swift */; };
		2F045FF02AD9A96300C8E9C2 /* Assets.xcassets in Resources */ = {isa = PBXBuildFile; fileRef = 2F045FEF2AD9A96300C8E9C2 /* Assets.xcassets */; };
		2F045FF32AD9A96300C8E9C2 /* Preview Assets.xcassets in Resources */ = {isa = PBXBuildFile; fileRef = 2F045FF22AD9A96300C8E9C2 /* Preview Assets.xcassets */; };
		2F045FFD2AD9A96300C8E9C2 /* Gap_InternationalTests.swift in Sources */ = {isa = PBXBuildFile; fileRef = 2F045FFC2AD9A96300C8E9C2 /* Gap_InternationalTests.swift */; };
		2F0460072AD9A96300C8E9C2 /* Gap_InternationalUITests.swift in Sources */ = {isa = PBXBuildFile; fileRef = 2F0460062AD9A96300C8E9C2 /* Gap_InternationalUITests.swift */; };
		2F0460092AD9A96300C8E9C2 /* Gap_InternationalUITestsLaunchTests.swift in Sources */ = {isa = PBXBuildFile; fileRef = 2F0460082AD9A96300C8E9C2 /* Gap_InternationalUITestsLaunchTests.swift */; };
		2F0460162AD9AB8E00C8E9C2 /* Chapters.plist in Resources */ = {isa = PBXBuildFile; fileRef = 2F0460152AD9AB8E00C8E9C2 /* Chapters.plist */; };
		2F0460182ADF27D300C8E9C2 /* MainContentView.swift in Sources */ = {isa = PBXBuildFile; fileRef = 2F0460172ADF27D300C8E9C2 /* MainContentView.swift */; };
		2F04601A2ADF284300C8E9C2 /* APIService.swift in Sources */ = {isa = PBXBuildFile; fileRef = 2F0460192ADF284300C8E9C2 /* APIService.swift */; };
		2F04601C2ADF287300C8E9C2 /* LoginView.swift in Sources */ = {isa = PBXBuildFile; fileRef = 2F04601B2ADF287300C8E9C2 /* LoginView.swift */; };
		2F1ED5D92AE2E976000D1AE6 /* Test.swift in Sources */ = {isa = PBXBuildFile; fileRef = 2F1ED5D82AE2E976000D1AE6 /* Test.swift */; };
		2F1ED5DD2AE30672000D1AE6 /* JournalView.swift in Sources */ = {isa = PBXBuildFile; fileRef = 2F1ED5DC2AE30672000D1AE6 /* JournalView.swift */; };
/* End PBXBuildFile section */

/* Begin PBXContainerItemProxy section */
		2F045FF92AD9A96300C8E9C2 /* PBXContainerItemProxy */ = {
			isa = PBXContainerItemProxy;
			containerPortal = 2F045FE02AD9A96000C8E9C2 /* Project object */;
			proxyType = 1;
			remoteGlobalIDString = 2F045FE72AD9A96000C8E9C2;
			remoteInfo = Gap_International;
		};
		2F0460032AD9A96300C8E9C2 /* PBXContainerItemProxy */ = {
			isa = PBXContainerItemProxy;
			containerPortal = 2F045FE02AD9A96000C8E9C2 /* Project object */;
			proxyType = 1;
			remoteGlobalIDString = 2F045FE72AD9A96000C8E9C2;
			remoteInfo = Gap_International;
		};
/* End PBXContainerItemProxy section */

/* Begin PBXFileReference section */
		2F045FE82AD9A96000C8E9C2 /* Gap_International.app */ = {isa = PBXFileReference; explicitFileType = wrapper.application; includeInIndex = 0; path = Gap_International.app; sourceTree = BUILT_PRODUCTS_DIR; };
		2F045FEB2AD9A96000C8E9C2 /* Gap_InternationalApp.swift */ = {isa = PBXFileReference; lastKnownFileType = sourcecode.swift; path = Gap_InternationalApp.swift; sourceTree = "<group>"; };
		2F045FED2AD9A96000C8E9C2 /* ContentView.swift */ = {isa = PBXFileReference; lastKnownFileType = sourcecode.swift; path = ContentView.swift; sourceTree = "<group>"; };
		2F045FEF2AD9A96300C8E9C2 /* Assets.xcassets */ = {isa = PBXFileReference; lastKnownFileType = folder.assetcatalog; path = Assets.xcassets; sourceTree = "<group>"; };
		2F045FF22AD9A96300C8E9C2 /* Preview Assets.xcassets */ = {isa = PBXFileReference; lastKnownFileType = folder.assetcatalog; path = "Preview Assets.xcassets"; sourceTree = "<group>"; };
		2F045FF82AD9A96300C8E9C2 /* Gap_InternationalTests.xctest */ = {isa = PBXFileReference; explicitFileType = wrapper.cfbundle; includeInIndex = 0; path = Gap_InternationalTests.xctest; sourceTree = BUILT_PRODUCTS_DIR; };
		2F045FFC2AD9A96300C8E9C2 /* Gap_InternationalTests.swift */ = {isa = PBXFileReference; lastKnownFileType = sourcecode.swift; path = Gap_InternationalTests.swift; sourceTree = "<group>"; };
		2F0460022AD9A96300C8E9C2 /* Gap_InternationalUITests.xctest */ = {isa = PBXFileReference; explicitFileType = wrapper.cfbundle; includeInIndex = 0; path = Gap_InternationalUITests.xctest; sourceTree = BUILT_PRODUCTS_DIR; };
		2F0460062AD9A96300C8E9C2 /* Gap_InternationalUITests.swift */ = {isa = PBXFileReference; lastKnownFileType = sourcecode.swift; path = Gap_InternationalUITests.swift; sourceTree = "<group>"; };
		2F0460082AD9A96300C8E9C2 /* Gap_InternationalUITestsLaunchTests.swift */ = {isa = PBXFileReference; lastKnownFileType = sourcecode.swift; path = Gap_InternationalUITestsLaunchTests.swift; sourceTree = "<group>"; };
		2F0460152AD9AB8E00C8E9C2 /* Chapters.plist */ = {isa = PBXFileReference; fileEncoding = 4; lastKnownFileType = text.plist.xml; name = Chapters.plist; path = ../../GapInternational/Chapters.plist; sourceTree = "<group>"; };
		2F0460172ADF27D300C8E9C2 /* MainContentView.swift */ = {isa = PBXFileReference; lastKnownFileType = sourcecode.swift; path = MainContentView.swift; sourceTree = "<group>"; };
		2F0460192ADF284300C8E9C2 /* APIService.swift */ = {isa = PBXFileReference; lastKnownFileType = sourcecode.swift; path = APIService.swift; sourceTree = "<group>"; };
		2F04601B2ADF287300C8E9C2 /* LoginView.swift */ = {isa = PBXFileReference; lastKnownFileType = sourcecode.swift; path = LoginView.swift; sourceTree = "<group>"; };
		2F1ED5D82AE2E976000D1AE6 /* Test.swift */ = {isa = PBXFileReference; lastKnownFileType = sourcecode.swift; path = Test.swift; sourceTree = "<group>"; };
		2F1ED5DC2AE30672000D1AE6 /* JournalView.swift */ = {isa = PBXFileReference; lastKnownFileType = sourcecode.swift; path = JournalView.swift; sourceTree = "<group>"; };
/* End PBXFileReference section */

/* Begin PBXFrameworksBuildPhase section */
		2F045FE52AD9A96000C8E9C2 /* Frameworks */ = {
			isa = PBXFrameworksBuildPhase;
			buildActionMask = 2147483647;
			files = (
			);
			runOnlyForDeploymentPostprocessing = 0;
		};
		2F045FF52AD9A96300C8E9C2 /* Frameworks */ = {
			isa = PBXFrameworksBuildPhase;
			buildActionMask = 2147483647;
			files = (
			);
			runOnlyForDeploymentPostprocessing = 0;
		};
		2F045FFF2AD9A96300C8E9C2 /* Frameworks */ = {
			isa = PBXFrameworksBuildPhase;
			buildActionMask = 2147483647;
			files = (
			);
			runOnlyForDeploymentPostprocessing = 0;
		};
/* End PBXFrameworksBuildPhase section */

/* Begin PBXGroup section */
		2F045FDF2AD9A96000C8E9C2 = {
			isa = PBXGroup;
			children = (
				2F045FEA2AD9A96000C8E9C2 /* Gap_International */,
				2F045FFB2AD9A96300C8E9C2 /* Gap_InternationalTests */,
				2F0460052AD9A96300C8E9C2 /* Gap_InternationalUITests */,
				2F045FE92AD9A96000C8E9C2 /* Products */,
			);
			sourceTree = "<group>";
		};
		2F045FE92AD9A96000C8E9C2 /* Products */ = {
			isa = PBXGroup;
			children = (
				2F045FE82AD9A96000C8E9C2 /* Gap_International.app */,
				2F045FF82AD9A96300C8E9C2 /* Gap_InternationalTests.xctest */,
				2F0460022AD9A96300C8E9C2 /* Gap_InternationalUITests.xctest */,
			);
			name = Products;
			sourceTree = "<group>";
		};
		2F045FEA2AD9A96000C8E9C2 /* Gap_International */ = {
			isa = PBXGroup;
			children = (
				2F045FEB2AD9A96000C8E9C2 /* Gap_InternationalApp.swift */,
				2F045FED2AD9A96000C8E9C2 /* ContentView.swift */,
				2F0460152AD9AB8E00C8E9C2 /* Chapters.plist */,
				2F045FEF2AD9A96300C8E9C2 /* Assets.xcassets */,
				2F045FF12AD9A96300C8E9C2 /* Preview Content */,
				2F0460172ADF27D300C8E9C2 /* MainContentView.swift */,
				2F0460192ADF284300C8E9C2 /* APIService.swift */,
				2F04601B2ADF287300C8E9C2 /* LoginView.swift */,
				2F1ED5D82AE2E976000D1AE6 /* Test.swift */,
				2F1ED5DC2AE30672000D1AE6 /* JournalView.swift */,
			);
			path = Gap_International;
			sourceTree = "<group>";
		};
		2F045FF12AD9A96300C8E9C2 /* Preview Content */ = {
			isa = PBXGroup;
			children = (
				2F045FF22AD9A96300C8E9C2 /* Preview Assets.xcassets */,
			);
			path = "Preview Content";
			sourceTree = "<group>";
		};
		2F045FFB2AD9A96300C8E9C2 /* Gap_InternationalTests */ = {
			isa = PBXGroup;
			children = (
				2F045FFC2AD9A96300C8E9C2 /* Gap_InternationalTests.swift */,
			);
			path = Gap_InternationalTests;
			sourceTree = "<group>";
		};
		2F0460052AD9A96300C8E9C2 /* Gap_InternationalUITests */ = {
			isa = PBXGroup;
			children = (
				2F0460062AD9A96300C8E9C2 /* Gap_InternationalUITests.swift */,
				2F0460082AD9A96300C8E9C2 /* Gap_InternationalUITestsLaunchTests.swift */,
			);
			path = Gap_InternationalUITests;
			sourceTree = "<group>";
		};
/* End PBXGroup section */

/* Begin PBXNativeTarget section */
		2F045FE72AD9A96000C8E9C2 /* Gap_International */ = {
			isa = PBXNativeTarget;
			buildConfigurationList = 2F04600C2AD9A96300C8E9C2 /* Build configuration list for PBXNativeTarget "Gap_International" */;
			buildPhases = (
				2F045FE42AD9A96000C8E9C2 /* Sources */,
				2F045FE52AD9A96000C8E9C2 /* Frameworks */,
				2F045FE62AD9A96000C8E9C2 /* Resources */,
			);
			buildRules = (
			);
			dependencies = (
			);
			name = Gap_International;
			productName = Gap_International;
			productReference = 2F045FE82AD9A96000C8E9C2 /* Gap_International.app */;
			productType = "com.apple.product-type.application";
		};
		2F045FF72AD9A96300C8E9C2 /* Gap_InternationalTests */ = {
			isa = PBXNativeTarget;
			buildConfigurationList = 2F04600F2AD9A96300C8E9C2 /* Build configuration list for PBXNativeTarget "Gap_InternationalTests" */;
			buildPhases = (
				2F045FF42AD9A96300C8E9C2 /* Sources */,
				2F045FF52AD9A96300C8E9C2 /* Frameworks */,
				2F045FF62AD9A96300C8E9C2 /* Resources */,
			);
			buildRules = (
			);
			dependencies = (
				2F045FFA2AD9A96300C8E9C2 /* PBXTargetDependency */,
			);
			name = Gap_InternationalTests;
			productName = Gap_InternationalTests;
			productReference = 2F045FF82AD9A96300C8E9C2 /* Gap_InternationalTests.xctest */;
			productType = "com.apple.product-type.bundle.unit-test";
		};
		2F0460012AD9A96300C8E9C2 /* Gap_InternationalUITests */ = {
			isa = PBXNativeTarget;
			buildConfigurationList = 2F0460122AD9A96300C8E9C2 /* Build configuration list for PBXNativeTarget "Gap_InternationalUITests" */;
			buildPhases = (
				2F045FFE2AD9A96300C8E9C2 /* Sources */,
				2F045FFF2AD9A96300C8E9C2 /* Frameworks */,
				2F0460002AD9A96300C8E9C2 /* Resources */,
			);
			buildRules = (
			);
			dependencies = (
				2F0460042AD9A96300C8E9C2 /* PBXTargetDependency */,
			);
			name = Gap_InternationalUITests;
			productName = Gap_InternationalUITests;
			productReference = 2F0460022AD9A96300C8E9C2 /* Gap_InternationalUITests.xctest */;
			productType = "com.apple.product-type.bundle.ui-testing";
		};
/* End PBXNativeTarget section */

/* Begin PBXProject section */
		2F045FE02AD9A96000C8E9C2 /* Project object */ = {
			isa = PBXProject;
			attributes = {
				BuildIndependentTargetsInParallel = 1;
				LastSwiftUpdateCheck = 1500;
				LastUpgradeCheck = 1500;
				TargetAttributes = {
					2F045FE72AD9A96000C8E9C2 = {
						CreatedOnToolsVersion = 15.0;
					};
					2F045FF72AD9A96300C8E9C2 = {
						CreatedOnToolsVersion = 15.0;
						TestTargetID = 2F045FE72AD9A96000C8E9C2;
					};
					2F0460012AD9A96300C8E9C2 = {
						CreatedOnToolsVersion = 15.0;
						TestTargetID = 2F045FE72AD9A96000C8E9C2;
					};
				};
			};
			buildConfigurationList = 2F045FE32AD9A96000C8E9C2 /* Build configuration list for PBXProject "Gap_International" */;
			compatibilityVersion = "Xcode 14.0";
			developmentRegion = en;
			hasScannedForEncodings = 0;
			knownRegions = (
				en,
				Base,
			);
			mainGroup = 2F045FDF2AD9A96000C8E9C2;
			productRefGroup = 2F045FE92AD9A96000C8E9C2 /* Products */;
			projectDirPath = "";
			projectRoot = "";
			targets = (
				2F045FE72AD9A96000C8E9C2 /* Gap_International */,
				2F045FF72AD9A96300C8E9C2 /* Gap_InternationalTests */,
				2F0460012AD9A96300C8E9C2 /* Gap_InternationalUITests */,
			);
		};
/* End PBXProject section */

/* Begin PBXResourcesBuildPhase section */
		2F045FE62AD9A96000C8E9C2 /* Resources */ = {
			isa = PBXResourcesBuildPhase;
			buildActionMask = 2147483647;
			files = (
				2F0460162AD9AB8E00C8E9C2 /* Chapters.plist in Resources */,
				2F045FF32AD9A96300C8E9C2 /* Preview Assets.xcassets in Resources */,
				2F045FF02AD9A96300C8E9C2 /* Assets.xcassets in Resources */,
			);
			runOnlyForDeploymentPostprocessing = 0;
		};
		2F045FF62AD9A96300C8E9C2 /* Resources */ = {
			isa = PBXResourcesBuildPhase;
			buildActionMask = 2147483647;
			files = (
			);
			runOnlyForDeploymentPostprocessing = 0;
		};
		2F0460002AD9A96300C8E9C2 /* Resources */ = {
			isa = PBXResourcesBuildPhase;
			buildActionMask = 2147483647;
			files = (
			);
			runOnlyForDeploymentPostprocessing = 0;
		};
/* End PBXResourcesBuildPhase section */

/* Begin PBXSourcesBuildPhase section */
		2F045FE42AD9A96000C8E9C2 /* Sources */ = {
			isa = PBXSourcesBuildPhase;
			buildActionMask = 2147483647;
			files = (
				2F045FEE2AD9A96000C8E9C2 /* ContentView.swift in Sources */,
				2F045FEC2AD9A96000C8E9C2 /* Gap_InternationalApp.swift in Sources */,
				2F04601A2ADF284300C8E9C2 /* APIService.swift in Sources */,
				2F04601C2ADF287300C8E9C2 /* LoginView.swift in Sources */,
				2F1ED5DD2AE30672000D1AE6 /* JournalView.swift in Sources */,
				2F0460182ADF27D300C8E9C2 /* MainContentView.swift in Sources */,
				2F1ED5D92AE2E976000D1AE6 /* Test.swift in Sources */,
			);
			runOnlyForDeploymentPostprocessing = 0;
		};
		2F045FF42AD9A96300C8E9C2 /* Sources */ = {
			isa = PBXSourcesBuildPhase;
			buildActionMask = 2147483647;
			files = (
				2F045FFD2AD9A96300C8E9C2 /* Gap_InternationalTests.swift in Sources */,
			);
			runOnlyForDeploymentPostprocessing = 0;
		};
		2F045FFE2AD9A96300C8E9C2 /* Sources */ = {
			isa = PBXSourcesBuildPhase;
			buildActionMask = 2147483647;
			files = (
				2F0460092AD9A96300C8E9C2 /* Gap_InternationalUITestsLaunchTests.swift in Sources */,
				2F0460072AD9A96300C8E9C2 /* Gap_InternationalUITests.swift in Sources */,
			);
			runOnlyForDeploymentPostprocessing = 0;
		};
/* End PBXSourcesBuildPhase section */

/* Begin PBXTargetDependency section */
		2F045FFA2AD9A96300C8E9C2 /* PBXTargetDependency */ = {
			isa = PBXTargetDependency;
			target = 2F045FE72AD9A96000C8E9C2 /* Gap_International */;
			targetProxy = 2F045FF92AD9A96300C8E9C2 /* PBXContainerItemProxy */;
		};
		2F0460042AD9A96300C8E9C2 /* PBXTargetDependency */ = {
			isa = PBXTargetDependency;
			target = 2F045FE72AD9A96000C8E9C2 /* Gap_International */;
			targetProxy = 2F0460032AD9A96300C8E9C2 /* PBXContainerItemProxy */;
		};
/* End PBXTargetDependency section */

/* Begin XCBuildConfiguration section */
		2F04600A2AD9A96300C8E9C2 /* Debug */ = {
			isa = XCBuildConfiguration;
			buildSettings = {
				ALWAYS_SEARCH_USER_PATHS = NO;
				ASSETCATALOG_COMPILER_GENERATE_SWIFT_ASSET_SYMBOL_EXTENSIONS = YES;
				CLANG_ANALYZER_NONNULL = YES;
				CLANG_ANALYZER_NUMBER_OBJECT_CONVERSION = YES_AGGRESSIVE;
				CLANG_CXX_LANGUAGE_STANDARD = "gnu++20";
				CLANG_ENABLE_MODULES = YES;
				CLANG_ENABLE_OBJC_ARC = YES;
				CLANG_ENABLE_OBJC_WEAK = YES;
				CLANG_WARN_BLOCK_CAPTURE_AUTORELEASING = YES;
				CLANG_WARN_BOOL_CONVERSION = YES;
				CLANG_WARN_COMMA = YES;
				CLANG_WARN_CONSTANT_CONVERSION = YES;
				CLANG_WARN_DEPRECATED_OBJC_IMPLEMENTATIONS = YES;
				CLANG_WARN_DIRECT_OBJC_ISA_USAGE = YES_ERROR;
				CLANG_WARN_DOCUMENTATION_COMMENTS = YES;
				CLANG_WARN_EMPTY_BODY = YES;
				CLANG_WARN_ENUM_CONVERSION = YES;
				CLANG_WARN_INFINITE_RECURSION = YES;
				CLANG_WARN_INT_CONVERSION = YES;
				CLANG_WARN_NON_LITERAL_NULL_CONVERSION = YES;
				CLANG_WARN_OBJC_IMPLICIT_RETAIN_SELF = YES;
				CLANG_WARN_OBJC_LITERAL_CONVERSION = YES;
				CLANG_WARN_OBJC_ROOT_CLASS = YES_ERROR;
				CLANG_WARN_QUOTED_INCLUDE_IN_FRAMEWORK_HEADER = YES;
				CLANG_WARN_RANGE_LOOP_ANALYSIS = YES;
				CLANG_WARN_STRICT_PROTOTYPES = YES;
				CLANG_WARN_SUSPICIOUS_MOVE = YES;
				CLANG_WARN_UNGUARDED_AVAILABILITY = YES_AGGRESSIVE;
				CLANG_WARN_UNREACHABLE_CODE = YES;
				CLANG_WARN__DUPLICATE_METHOD_MATCH = YES;
				COPY_PHASE_STRIP = NO;
				DEBUG_INFORMATION_FORMAT = dwarf;
				ENABLE_STRICT_OBJC_MSGSEND = YES;
				ENABLE_TESTABILITY = YES;
				ENABLE_USER_SCRIPT_SANDBOXING = YES;
				GCC_C_LANGUAGE_STANDARD = gnu17;
				GCC_DYNAMIC_NO_PIC = NO;
				GCC_NO_COMMON_BLOCKS = YES;
				GCC_OPTIMIZATION_LEVEL = 0;
				GCC_PREPROCESSOR_DEFINITIONS = (
					"DEBUG=1",
					"$(inherited)",
				);
				GCC_WARN_64_TO_32_BIT_CONVERSION = YES;
				GCC_WARN_ABOUT_RETURN_TYPE = YES_ERROR;
				GCC_WARN_UNDECLARED_SELECTOR = YES;
				GCC_WARN_UNINITIALIZED_AUTOS = YES_AGGRESSIVE;
				GCC_WARN_UNUSED_FUNCTION = YES;
				GCC_WARN_UNUSED_VARIABLE = YES;
				IPHONEOS_DEPLOYMENT_TARGET = 17.0;
				LOCALIZATION_PREFERS_STRING_CATALOGS = YES;
				MTL_ENABLE_DEBUG_INFO = INCLUDE_SOURCE;
				MTL_FAST_MATH = YES;
				ONLY_ACTIVE_ARCH = YES;
				SDKROOT = iphoneos;
				SWIFT_ACTIVE_COMPILATION_CONDITIONS = "DEBUG $(inherited)";
				SWIFT_OPTIMIZATION_LEVEL = "-Onone";
			};
			name = Debug;
		};
		2F04600B2AD9A96300C8E9C2 /* Release */ = {
			isa = XCBuildConfiguration;
			buildSettings = {
				ALWAYS_SEARCH_USER_PATHS = NO;
				ASSETCATALOG_COMPILER_GENERATE_SWIFT_ASSET_SYMBOL_EXTENSIONS = YES;
				CLANG_ANALYZER_NONNULL = YES;
				CLANG_ANALYZER_NUMBER_OBJECT_CONVERSION = YES_AGGRESSIVE;
				CLANG_CXX_LANGUAGE_STANDARD = "gnu++20";
				CLANG_ENABLE_MODULES = YES;
				CLANG_ENABLE_OBJC_ARC = YES;
				CLANG_ENABLE_OBJC_WEAK = YES;
				CLANG_WARN_BLOCK_CAPTURE_AUTORELEASING = YES;
				CLANG_WARN_BOOL_CONVERSION = YES;
				CLANG_WARN_COMMA = YES;
				CLANG_WARN_CONSTANT_CONVERSION = YES;
				CLANG_WARN_DEPRECATED_OBJC_IMPLEMENTATIONS = YES;
				CLANG_WARN_DIRECT_OBJC_ISA_USAGE = YES_ERROR;
				CLANG_WARN_DOCUMENTATION_COMMENTS = YES;
				CLANG_WARN_EMPTY_BODY = YES;
				CLANG_WARN_ENUM_CONVERSION = YES;
				CLANG_WARN_INFINITE_RECURSION = YES;
				CLANG_WARN_INT_CONVERSION = YES;
				CLANG_WARN_NON_LITERAL_NULL_CONVERSION = YES;
				CLANG_WARN_OBJC_IMPLICIT_RETAIN_SELF = YES;
				CLANG_WARN_OBJC_LITERAL_CONVERSION = YES;
				CLANG_WARN_OBJC_ROOT_CLASS = YES_ERROR;
				CLANG_WARN_QUOTED_INCLUDE_IN_FRAMEWORK_HEADER = YES;
				CLANG_WARN_RANGE_LOOP_ANALYSIS = YES;
				CLANG_WARN_STRICT_PROTOTYPES = YES;
				CLANG_WARN_SUSPICIOUS_MOVE = YES;
				CLANG_WARN_UNGUARDED_AVAILABILITY = YES_AGGRESSIVE;
				CLANG_WARN_UNREACHABLE_CODE = YES;
				CLANG_WARN__DUPLICATE_METHOD_MATCH = YES;
				COPY_PHASE_STRIP = NO;
				DEBUG_INFORMATION_FORMAT = "dwarf-with-dsym";
				ENABLE_NS_ASSERTIONS = NO;
				ENABLE_STRICT_OBJC_MSGSEND = YES;
				ENABLE_USER_SCRIPT_SANDBOXING = YES;
				GCC_C_LANGUAGE_STANDARD = gnu17;
				GCC_NO_COMMON_BLOCKS = YES;
				GCC_WARN_64_TO_32_BIT_CONVERSION = YES;
				GCC_WARN_ABOUT_RETURN_TYPE = YES_ERROR;
				GCC_WARN_UNDECLARED_SELECTOR = YES;
				GCC_WARN_UNINITIALIZED_AUTOS = YES_AGGRESSIVE;
				GCC_WARN_UNUSED_FUNCTION = YES;
				GCC_WARN_UNUSED_VARIABLE = YES;
				IPHONEOS_DEPLOYMENT_TARGET = 17.0;
				LOCALIZATION_PREFERS_STRING_CATALOGS = YES;
				MTL_ENABLE_DEBUG_INFO = NO;
				MTL_FAST_MATH = YES;
				SDKROOT = iphoneos;
				SWIFT_COMPILATION_MODE = wholemodule;
				VALIDATE_PRODUCT = YES;
			};
			name = Release;
		};
		2F04600D2AD9A96300C8E9C2 /* Debug */ = {
			isa = XCBuildConfiguration;
			buildSettings = {
				ASSETCATALOG_COMPILER_APPICON_NAME = AppIcon;
				ASSETCATALOG_COMPILER_GLOBAL_ACCENT_COLOR_NAME = AccentColor;
				CODE_SIGN_STYLE = Automatic;
				CURRENT_PROJECT_VERSION = 1;
				DEVELOPMENT_ASSET_PATHS = "\"Gap_International/Preview Content\"";
				DEVELOPMENT_TEAM = 8LX2UKX6SY;
				ENABLE_PREVIEWS = YES;
				GENERATE_INFOPLIST_FILE = YES;
				INFOPLIST_KEY_UIApplicationSceneManifest_Generation = YES;
				INFOPLIST_KEY_UIApplicationSupportsIndirectInputEvents = YES;
				INFOPLIST_KEY_UILaunchScreen_Generation = YES;
				INFOPLIST_KEY_UISupportedInterfaceOrientations_iPad = "UIInterfaceOrientationPortrait UIInterfaceOrientationPortraitUpsideDown UIInterfaceOrientationLandscapeLeft UIInterfaceOrientationLandscapeRight";
				INFOPLIST_KEY_UISupportedInterfaceOrientations_iPhone = "UIInterfaceOrientationPortrait UIInterfaceOrientationLandscapeLeft UIInterfaceOrientationLandscapeRight";
				LD_RUNPATH_SEARCH_PATHS = (
					"$(inherited)",
					"@executable_path/Frameworks",
				);
				MARKETING_VERSION = 1.0;
				PRODUCT_BUNDLE_IDENTIFIER = "varajani.Gap-International";
				PRODUCT_NAME = "$(TARGET_NAME)";
				SWIFT_EMIT_LOC_STRINGS = YES;
				SWIFT_VERSION = 5.0;
				TARGETED_DEVICE_FAMILY = "1,2";
			};
			name = Debug;
		};
		2F04600E2AD9A96300C8E9C2 /* Release */ = {
			isa = XCBuildConfiguration;
			buildSettings = {
				ASSETCATALOG_COMPILER_APPICON_NAME = AppIcon;
				ASSETCATALOG_COMPILER_GLOBAL_ACCENT_COLOR_NAME = AccentColor;
				CODE_SIGN_STYLE = Automatic;
				CURRENT_PROJECT_VERSION = 1;
				DEVELOPMENT_ASSET_PATHS = "\"Gap_International/Preview Content\"";
				DEVELOPMENT_TEAM = 8LX2UKX6SY;
				ENABLE_PREVIEWS = YES;
				GENERATE_INFOPLIST_FILE = YES;
				INFOPLIST_KEY_UIApplicationSceneManifest_Generation = YES;
				INFOPLIST_KEY_UIApplicationSupportsIndirectInputEvents = YES;
				INFOPLIST_KEY_UILaunchScreen_Generation = YES;
				INFOPLIST_KEY_UISupportedInterfaceOrientations_iPad = "UIInterfaceOrientationPortrait UIInterfaceOrientationPortraitUpsideDown UIInterfaceOrientationLandscapeLeft UIInterfaceOrientationLandscapeRight";
				INFOPLIST_KEY_UISupportedInterfaceOrientations_iPhone = "UIInterfaceOrientationPortrait UIInterfaceOrientationLandscapeLeft UIInterfaceOrientationLandscapeRight";
				LD_RUNPATH_SEARCH_PATHS = (
					"$(inherited)",
					"@executable_path/Frameworks",
				);
				MARKETING_VERSION = 1.0;
				PRODUCT_BUNDLE_IDENTIFIER = "varajani.Gap-International";
				PRODUCT_NAME = "$(TARGET_NAME)";
				SWIFT_EMIT_LOC_STRINGS = YES;
				SWIFT_VERSION = 5.0;
				TARGETED_DEVICE_FAMILY = "1,2";
			};
			name = Release;
		};
		2F0460102AD9A96300C8E9C2 /* Debug */ = {
			isa = XCBuildConfiguration;
			buildSettings = {
				ALWAYS_EMBED_SWIFT_STANDARD_LIBRARIES = YES;
				BUNDLE_LOADER = "$(TEST_HOST)";
				CODE_SIGN_STYLE = Automatic;
				CURRENT_PROJECT_VERSION = 1;
				DEVELOPMENT_TEAM = 8LX2UKX6SY;
				GENERATE_INFOPLIST_FILE = YES;
				IPHONEOS_DEPLOYMENT_TARGET = 17.0;
				MARKETING_VERSION = 1.0;
				PRODUCT_BUNDLE_IDENTIFIER = "varajani.Gap-InternationalTests";
				PRODUCT_NAME = "$(TARGET_NAME)";
				SWIFT_EMIT_LOC_STRINGS = NO;
				SWIFT_VERSION = 5.0;
				TARGETED_DEVICE_FAMILY = "1,2";
				TEST_HOST = "$(BUILT_PRODUCTS_DIR)/Gap_International.app/$(BUNDLE_EXECUTABLE_FOLDER_PATH)/Gap_International";
			};
			name = Debug;
		};
		2F0460112AD9A96300C8E9C2 /* Release */ = {
			isa = XCBuildConfiguration;
			buildSettings = {
				ALWAYS_EMBED_SWIFT_STANDARD_LIBRARIES = YES;
				BUNDLE_LOADER = "$(TEST_HOST)";
				CODE_SIGN_STYLE = Automatic;
				CURRENT_PROJECT_VERSION = 1;
				DEVELOPMENT_TEAM = 8LX2UKX6SY;
				GENERATE_INFOPLIST_FILE = YES;
				IPHONEOS_DEPLOYMENT_TARGET = 17.0;
				MARKETING_VERSION = 1.0;
				PRODUCT_BUNDLE_IDENTIFIER = "varajani.Gap-InternationalTests";
				PRODUCT_NAME = "$(TARGET_NAME)";
				SWIFT_EMIT_LOC_STRINGS = NO;
				SWIFT_VERSION = 5.0;
				TARGETED_DEVICE_FAMILY = "1,2";
				TEST_HOST = "$(BUILT_PRODUCTS_DIR)/Gap_International.app/$(BUNDLE_EXECUTABLE_FOLDER_PATH)/Gap_International";
			};
			name = Release;
		};
		2F0460132AD9A96300C8E9C2 /* Debug */ = {
			isa = XCBuildConfiguration;
			buildSettings = {
				ALWAYS_EMBED_SWIFT_STANDARD_LIBRARIES = YES;
				CODE_SIGN_STYLE = Automatic;
				CURRENT_PROJECT_VERSION = 1;
				DEVELOPMENT_TEAM = 8LX2UKX6SY;
				GENERATE_INFOPLIST_FILE = YES;
				MARKETING_VERSION = 1.0;
				PRODUCT_BUNDLE_IDENTIFIER = "varajani.Gap-InternationalUITests";
				PRODUCT_NAME = "$(TARGET_NAME)";
				SWIFT_EMIT_LOC_STRINGS = NO;
				SWIFT_VERSION = 5.0;
				TARGETED_DEVICE_FAMILY = "1,2";
				TEST_TARGET_NAME = Gap_International;
			};
			name = Debug;
		};
		2F0460142AD9A96300C8E9C2 /* Release */ = {
			isa = XCBuildConfiguration;
			buildSettings = {
				ALWAYS_EMBED_SWIFT_STANDARD_LIBRARIES = YES;
				CODE_SIGN_STYLE = Automatic;
				CURRENT_PROJECT_VERSION = 1;
				DEVELOPMENT_TEAM = 8LX2UKX6SY;
				GENERATE_INFOPLIST_FILE = YES;
				MARKETING_VERSION = 1.0;
				PRODUCT_BUNDLE_IDENTIFIER = "varajani.Gap-InternationalUITests";
				PRODUCT_NAME = "$(TARGET_NAME)";
				SWIFT_EMIT_LOC_STRINGS = NO;
				SWIFT_VERSION = 5.0;
				TARGETED_DEVICE_FAMILY = "1,2";
				TEST_TARGET_NAME = Gap_International;
			};
			name = Release;
		};
/* End XCBuildConfiguration section */

/* Begin XCConfigurationList section */
		2F045FE32AD9A96000C8E9C2 /* Build configuration list for PBXProject "Gap_International" */ = {
			isa = XCConfigurationList;
			buildConfigurations = (
				2F04600A2AD9A96300C8E9C2 /* Debug */,
				2F04600B2AD9A96300C8E9C2 /* Release */,
			);
			defaultConfigurationIsVisible = 0;
			defaultConfigurationName = Release;
		};
		2F04600C2AD9A96300C8E9C2 /* Build configuration list for PBXNativeTarget "Gap_International" */ = {
			isa = XCConfigurationList;
			buildConfigurations = (
				2F04600D2AD9A96300C8E9C2 /* Debug */,
				2F04600E2AD9A96300C8E9C2 /* Release */,
			);
			defaultConfigurationIsVisible = 0;
			defaultConfigurationName = Release;
		};
		2F04600F2AD9A96300C8E9C2 /* Build configuration list for PBXNativeTarget "Gap_InternationalTests" */ = {
			isa = XCConfigurationList;
			buildConfigurations = (
				2F0460102AD9A96300C8E9C2 /* Debug */,
				2F0460112AD9A96300C8E9C2 /* Release */,
			);
			defaultConfigurationIsVisible = 0;
			defaultConfigurationName = Release;
		};
		2F0460122AD9A96300C8E9C2 /* Build configuration list for PBXNativeTarget "Gap_InternationalUITests" */ = {
			isa = XCConfigurationList;
			buildConfigurations = (
				2F0460132AD9A96300C8E9C2 /* Debug */,
				2F0460142AD9A96300C8E9C2 /* Release */,
			);
			defaultConfigurationIsVisible = 0;
			defaultConfigurationName = Release;
		};
/* End XCConfigurationList section */
	};
	rootObject = 2F045FE02AD9A96000C8E9C2 /* Project object */;
}
